
Microsoft Visual Studio Solution File, Format Version 12.00
# Visual Studio 14
VisualStudioVersion = 14.0.25123.0
MinimumVisualStudioVersion = 10.0.40219.1
Project("{FAE04EC0-301F-11D3-BF4B-00C04F79EFBC}") = "ExcelFormsTest.Droid", "ExcelFormsTest\ExcelFormsTest.Droid\ExcelFormsTest.Droid.csproj", "{0EBE9EF4-4BA2-4274-90BD-6503F84CB9AB}"
EndProject
Project("{FAE04EC0-301F-11D3-BF4B-00C04F79EFBC}") = "ExcelFormsTest.iOS", "ExcelFormsTest\ExcelFormsTest.iOS\ExcelFormsTest.iOS.csproj", "{92CC5BE4-F7E4-42FE-AB02-BC009A82DC04}"
EndProject
Project("{FAE04EC0-301F-11D3-BF4B-00C04F79EFBC}") = "ExcelFormsTest.UWP", "ExcelFormsTest\ExcelFormsTest.UWP\ExcelFormsTest.UWP.csproj", "{77DD2CC2-9B0E-42F2-BD12-569643D908E9}"
EndProject
Project("{FAE04EC0-301F-11D3-BF4B-00C04F79EFBC}") = "ExcelFormsTest", "ExcelFormsTest\ExcelFormsTest\ExcelFormsTest.csproj", "{DDE723DC-8E7F-4781-AF49-CBAF735DB946}"
EndProject
Global
	GlobalSection(SolutionConfigurationPlatforms) = preSolution
		Ad-Hoc|Any CPU = Ad-Hoc|Any CPU
		Ad-Hoc|ARM = Ad-Hoc|ARM
		Ad-Hoc|iPhone = Ad-Hoc|iPhone
		Ad-Hoc|iPhoneSimulator = Ad-Hoc|iPhoneSimulator
		Ad-Hoc|x64 = Ad-Hoc|x64
		Ad-Hoc|x86 = Ad-Hoc|x86
		AppStore|Any CPU = AppStore|Any CPU
		AppStore|ARM = AppStore|ARM
		AppStore|iPhone = AppStore|iPhone
		AppStore|iPhoneSimulator = AppStore|iPhoneSimulator
		AppStore|x64 = AppStore|x64
		AppStore|x86 = AppStore|x86
		Debug|Any CPU = Debug|Any CPU
		Debug|ARM = Debug|ARM
		Debug|iPhone = Debug|iPhone
		Debug|iPhoneSimulator = Debug|iPhoneSimulator
		Debug|x64 = Debug|x64
		Debug|x86 = Debug|x86
		Release|Any CPU = Release|Any CPU
		Release|ARM = Release|ARM
		Release|iPhone = Release|iPhone
		Release|iPhoneSimulator = Release|iPhoneSimulator
		Release|x64 = Release|x64
		Release|x86 = Release|x86
	EndGlobalSection
	GlobalSection(ProjectConfigurationPlatforms) = postSolution
		{0EBE9EF4-4BA2-4274-90BD-6503F84CB9AB}.Ad-Hoc|Any CPU.ActiveCfg = Release|Any CPU
		{0EBE9EF4-4BA2-4274-90BD-6503F84CB9AB}.Ad-Hoc|Any CPU.Build.0 = Release|Any CPU
		{0EBE9EF4-4BA2-4274-90BD-6503F84CB9AB}.Ad-Hoc|Any CPU.Deploy.0 = Release|Any CPU
		{0EBE9EF4-4BA2-4274-90BD-6503F84CB9AB}.Ad-Hoc|ARM.ActiveCfg = Release|Any CPU
		{0EBE9EF4-4BA2-4274-90BD-6503F84CB9AB}.Ad-Hoc|ARM.Build.0 = Release|Any CPU
		{0EBE9EF4-4BA2-4274-90BD-6503F84CB9AB}.Ad-Hoc|ARM.Deploy.0 = Release|Any CPU
		{0EBE9EF4-4BA2-4274-90BD-6503F84CB9AB}.Ad-Hoc|iPhone.ActiveCfg = Release|Any CPU
		{0EBE9EF4-4BA2-4274-90BD-6503F84CB9AB}.Ad-Hoc|iPhone.Build.0 = Release|Any CPU
		{0EBE9EF4-4BA2-4274-90BD-6503F84CB9AB}.Ad-Hoc|iPhone.Deploy.0 = Release|Any CPU
		{0EBE9EF4-4BA2-4274-90BD-6503F84CB9AB}.Ad-Hoc|iPhoneSimulator.ActiveCfg = Release|Any CPU
		{0EBE9EF4-4BA2-4274-90BD-6503F84CB9AB}.Ad-Hoc|iPhoneSimulator.Build.0 = Release|Any CPU
		{0EBE9EF4-4BA2-4274-90BD-6503F84CB9AB}.Ad-Hoc|iPhoneSimulator.Deploy.0 = Release|Any CPU
		{0EBE9EF4-4BA2-4274-90BD-6503F84CB9AB}.Ad-Hoc|x64.ActiveCfg = Release|Any CPU
		{0EBE9EF4-4BA2-4274-90BD-6503F84CB9AB}.Ad-Hoc|x64.Build.0 = Release|Any CPU
		{0EBE9EF4-4BA2-4274-90BD-6503F84CB9AB}.Ad-Hoc|x64.Deploy.0 = Release|Any CPU
		{0EBE9EF4-4BA2-4274-90BD-6503F84CB9AB}.Ad-Hoc|x86.ActiveCfg = Release|Any CPU
		{0EBE9EF4-4BA2-4274-90BD-6503F84CB9AB}.Ad-Hoc|x86.Build.0 = Release|Any CPU
		{0EBE9EF4-4BA2-4274-90BD-6503F84CB9AB}.Ad-Hoc|x86.Deploy.0 = Release|Any CPU
		{0EBE9EF4-4BA2-4274-90BD-6503F84CB9AB}.AppStore|Any CPU.ActiveCfg = Release|Any CPU
		{0EBE9EF4-4BA2-4274-90BD-6503F84CB9AB}.AppStore|Any CPU.Build.0 = Release|Any CPU
		{0EBE9EF4-4BA2-4274-90BD-6503F84CB9AB}.AppStore|Any CPU.Deploy.0 = Release|Any CPU
		{0EBE9EF4-4BA2-4274-90BD-6503F84CB9AB}.AppStore|ARM.ActiveCfg = Release|Any CPU
		{0EBE9EF4-4BA2-4274-90BD-6503F84CB9AB}.AppStore|ARM.Build.0 = Release|Any CPU
		{0EBE9EF4-4BA2-4274-90BD-6503F84CB9AB}.AppStore|ARM.Deploy.0 = Release|Any CPU
		{0EBE9EF4-4BA2-4274-90BD-6503F84CB9AB}.AppStore|iPhone.ActiveCfg = Release|Any CPU
		{0EBE9EF4-4BA2-4274-90BD-6503F84CB9AB}.AppStore|iPhone.Build.0 = Release|Any CPU
		{0EBE9EF4-4BA2-4274-90BD-6503F84CB9AB}.AppStore|iPhone.Deploy.0 = Release|Any CPU
		{0EBE9EF4-4BA2-4274-90BD-6503F84CB9AB}.AppStore|iPhoneSimulator.ActiveCfg = Release|Any CPU
		{0EBE9EF4-4BA2-4274-90BD-6503F84CB9AB}.AppStore|iPhoneSimulator.Build.0 = Release|Any CPU
		{0EBE9EF4-4BA2-4274-90BD-6503F84CB9AB}.AppStore|iPhoneSimulator.Deploy.0 = Release|Any CPU
		{0EBE9EF4-4BA2-4274-90BD-6503F84CB9AB}.AppStore|x64.ActiveCfg = Release|Any CPU
		{0EBE9EF4-4BA2-4274-90BD-6503F84CB9AB}.AppStore|x64.Build.0 = Release|Any CPU
		{0EBE9EF4-4BA2-4274-90BD-6503F84CB9AB}.AppStore|x64.Deploy.0 = Release|Any CPU
		{0EBE9EF4-4BA2-4274-90BD-6503F84CB9AB}.AppStore|x86.ActiveCfg = Release|Any CPU
		{0EBE9EF4-4BA2-4274-90BD-6503F84CB9AB}.AppStore|x86.Build.0 = Release|Any CPU
		{0EBE9EF4-4BA2-4274-90BD-6503F84CB9AB}.AppStore|x86.Deploy.0 = Release|Any CPU
		{0EBE9EF4-4BA2-4274-90BD-6503F84CB9AB}.Debug|Any CPU.ActiveCfg = Debug|Any CPU
		{0EBE9EF4-4BA2-4274-90BD-6503F84CB9AB}.Debug|Any CPU.Build.0 = Debug|Any CPU
		{0EBE9EF4-4BA2-4274-90BD-6503F84CB9AB}.Debug|Any CPU.Deploy.0 = Debug|Any CPU
		{0EBE9EF4-4BA2-4274-90BD-6503F84CB9AB}.Debug|ARM.ActiveCfg = Debug|Any CPU
		{0EBE9EF4-4BA2-4274-90BD-6503F84CB9AB}.Debug|ARM.Build.0 = Debug|Any CPU
		{0EBE9EF4-4BA2-4274-90BD-6503F84CB9AB}.Debug|ARM.Deploy.0 = Debug|Any CPU
		{0EBE9EF4-4BA2-4274-90BD-6503F84CB9AB}.Debug|iPhone.ActiveCfg = Debug|Any CPU
		{0EBE9EF4-4BA2-4274-90BD-6503F84CB9AB}.Debug|iPhoneSimulator.ActiveCfg = Debug|Any CPU
		{0EBE9EF4-4BA2-4274-90BD-6503F84CB9AB}.Debug|x64.ActiveCfg = Debug|Any CPU
		{0EBE9EF4-4BA2-4274-90BD-6503F84CB9AB}.Debug|x64.Build.0 = Debug|Any CPU
		{0EBE9EF4-4BA2-4274-90BD-6503F84CB9AB}.Debug|x64.Deploy.0 = Debug|Any CPU
		{0EBE9EF4-4BA2-4274-90BD-6503F84CB9AB}.Debug|x86.ActiveCfg = Debug|Any CPU
		{0EBE9EF4-4BA2-4274-90BD-6503F84CB9AB}.Debug|x86.Build.0 = Debug|Any CPU
		{0EBE9EF4-4BA2-4274-90BD-6503F84CB9AB}.Debug|x86.Deploy.0 = Debug|Any CPU
		{0EBE9EF4-4BA2-4274-90BD-6503F84CB9AB}.Release|Any CPU.ActiveCfg = Release|Any CPU
		{0EBE9EF4-4BA2-4274-90BD-6503F84CB9AB}.Release|Any CPU.Build.0 = Release|Any CPU
		{0EBE9EF4-4BA2-4274-90BD-6503F84CB9AB}.Release|Any CPU.Deploy.0 = Release|Any CPU
		{0EBE9EF4-4BA2-4274-90BD-6503F84CB9AB}.Release|ARM.ActiveCfg = Release|Any CPU
		{0EBE9EF4-4BA2-4274-90BD-6503F84CB9AB}.Release|ARM.Build.0 = Release|Any CPU
		{0EBE9EF4-4BA2-4274-90BD-6503F84CB9AB}.Release|ARM.Deploy.0 = Release|Any CPU
		{0EBE9EF4-4BA2-4274-90BD-6503F84CB9AB}.Release|iPhone.ActiveCfg = Release|Any CPU
		{0EBE9EF4-4BA2-4274-90BD-6503F84CB9AB}.Release|iPhone.Build.0 = Release|Any CPU
		{0EBE9EF4-4BA2-4274-90BD-6503F84CB9AB}.Release|iPhone.Deploy.0 = Release|Any CPU
		{0EBE9EF4-4BA2-4274-90BD-6503F84CB9AB}.Release|iPhoneSimulator.ActiveCfg = Release|Any CPU
		{0EBE9EF4-4BA2-4274-90BD-6503F84CB9AB}.Release|iPhoneSimulator.Build.0 = Release|Any CPU
		{0EBE9EF4-4BA2-4274-90BD-6503F84CB9AB}.Release|iPhoneSimulator.Deploy.0 = Release|Any CPU
		{0EBE9EF4-4BA2-4274-90BD-6503F84CB9AB}.Release|x64.ActiveCfg = Release|Any CPU
		{0EBE9EF4-4BA2-4274-90BD-6503F84CB9AB}.Release|x64.Build.0 = Release|Any CPU
		{0EBE9EF4-4BA2-4274-90BD-6503F84CB9AB}.Release|x64.Deploy.0 = Release|Any CPU
		{0EBE9EF4-4BA2-4274-90BD-6503F84CB9AB}.Release|x86.ActiveCfg = Release|Any CPU
		{0EBE9EF4-4BA2-4274-90BD-6503F84CB9AB}.Release|x86.Build.0 = Release|Any CPU
		{0EBE9EF4-4BA2-4274-90BD-6503F84CB9AB}.Release|x86.Deploy.0 = Release|Any CPU
		{92CC5BE4-F7E4-42FE-AB02-BC009A82DC04}.Ad-Hoc|Any CPU.ActiveCfg = Ad-Hoc|iPhone
		{92CC5BE4-F7E4-42FE-AB02-BC009A82DC04}.Ad-Hoc|ARM.ActiveCfg = Ad-Hoc|iPhone
		{92CC5BE4-F7E4-42FE-AB02-BC009A82DC04}.Ad-Hoc|iPhone.ActiveCfg = Ad-Hoc|iPhone
		{92CC5BE4-F7E4-42FE-AB02-BC009A82DC04}.Ad-Hoc|iPhone.Build.0 = Ad-Hoc|iPhone
		{92CC5BE4-F7E4-42FE-AB02-BC009A82DC04}.Ad-Hoc|iPhoneSimulator.ActiveCfg = Ad-Hoc|iPhoneSimulator
		{92CC5BE4-F7E4-42FE-AB02-BC009A82DC04}.Ad-Hoc|iPhoneSimulator.Build.0 = Ad-Hoc|iPhoneSimulator
		{92CC5BE4-F7E4-42FE-AB02-BC009A82DC04}.Ad-Hoc|x64.ActiveCfg = Ad-Hoc|iPhone
		{92CC5BE4-F7E4-42FE-AB02-BC009A82DC04}.Ad-Hoc|x86.ActiveCfg = Ad-Hoc|iPhone
		{92CC5BE4-F7E4-42FE-AB02-BC009A82DC04}.AppStore|Any CPU.ActiveCfg = AppStore|iPhone
		{92CC5BE4-F7E4-42FE-AB02-BC009A82DC04}.AppStore|ARM.ActiveCfg = AppStore|iPhone
		{92CC5BE4-F7E4-42FE-AB02-BC009A82DC04}.AppStore|iPhone.ActiveCfg = AppStore|iPhone
		{92CC5BE4-F7E4-42FE-AB02-BC009A82DC04}.AppStore|iPhone.Build.0 = AppStore|iPhone
		{92CC5BE4-F7E4-42FE-AB02-BC009A82DC04}.AppStore|iPhoneSimulator.ActiveCfg = AppStore|iPhoneSimulator
		{92CC5BE4-F7E4-42FE-AB02-BC009A82DC04}.AppStore|iPhoneSimulator.Build.0 = AppStore|iPhoneSimulator
		{92CC5BE4-F7E4-42FE-AB02-BC009A82DC04}.AppStore|x64.ActiveCfg = AppStore|iPhone
		{92CC5BE4-F7E4-42FE-AB02-BC009A82DC04}.AppStore|x86.ActiveCfg = AppStore|iPhone
		{92CC5BE4-F7E4-42FE-AB02-BC009A82DC04}.Debug|Any CPU.ActiveCfg = Debug|iPhone
		{92CC5BE4-F7E4-42FE-AB02-BC009A82DC04}.Debug|ARM.ActiveCfg = Debug|iPhone
		{92CC5BE4-F7E4-42FE-AB02-BC009A82DC04}.Debug|iPhone.ActiveCfg = Debug|iPhone
		{92CC5BE4-F7E4-42FE-AB02-BC009A82DC04}.Debug|iPhone.Build.0 = Debug|iPhone
		{92CC5BE4-F7E4-42FE-AB02-BC009A82DC04}.Debug|iPhone.Deploy.0 = Debug|iPhone
		{92CC5BE4-F7E4-42FE-AB02-BC009A82DC04}.Debug|iPhoneSimulator.ActiveCfg = Debug|iPhoneSimulator
		{92CC5BE4-F7E4-42FE-AB02-BC009A82DC04}.Debug|iPhoneSimulator.Build.0 = Debug|iPhoneSimulator
		{92CC5BE4-F7E4-42FE-AB02-BC009A82DC04}.Debug|x64.ActiveCfg = Debug|iPhone
		{92CC5BE4-F7E4-42FE-AB02-BC009A82DC04}.Debug|x86.ActiveCfg = Debug|iPhone
		{92CC5BE4-F7E4-42FE-AB02-BC009A82DC04}.Release|Any CPU.ActiveCfg = Release|iPhone
		{92CC5BE4-F7E4-42FE-AB02-BC009A82DC04}.Release|ARM.ActiveCfg = Release|iPhone
		{92CC5BE4-F7E4-42FE-AB02-BC009A82DC04}.Release|iPhone.ActiveCfg = Release|iPhone
		{92CC5BE4-F7E4-42FE-AB02-BC009A82DC04}.Release|iPhone.Build.0 = Release|iPhone
		{92CC5BE4-F7E4-42FE-AB02-BC009A82DC04}.Release|iPhoneSimulator.ActiveCfg = Release|iPhoneSimulator
		{92CC5BE4-F7E4-42FE-AB02-BC009A82DC04}.Release|iPhoneSimulator.Build.0 = Release|iPhoneSimulator
		{92CC5BE4-F7E4-42FE-AB02-BC009A82DC04}.Release|x64.ActiveCfg = Release|iPhone
		{92CC5BE4-F7E4-42FE-AB02-BC009A82DC04}.Release|x86.ActiveCfg = Release|iPhone
		{77DD2CC2-9B0E-42F2-BD12-569643D908E9}.Ad-Hoc|Any CPU.ActiveCfg = Release|x86
		{77DD2CC2-9B0E-42F2-BD12-569643D908E9}.Ad-Hoc|Any CPU.Build.0 = Release|x86
		{77DD2CC2-9B0E-42F2-BD12-569643D908E9}.Ad-Hoc|Any CPU.Deploy.0 = Release|x86
		{77DD2CC2-9B0E-42F2-BD12-569643D908E9}.Ad-Hoc|ARM.ActiveCfg = Release|ARM
		{77DD2CC2-9B0E-42F2-BD12-569643D908E9}.Ad-Hoc|ARM.Build.0 = Release|ARM
		{77DD2CC2-9B0E-42F2-BD12-569643D908E9}.Ad-Hoc|ARM.Deploy.0 = Release|ARM
		{77DD2CC2-9B0E-42F2-BD12-569643D908E9}.Ad-Hoc|iPhone.ActiveCfg = Release|x86
		{77DD2CC2-9B0E-42F2-BD12-569643D908E9}.Ad-Hoc|iPhone.Build.0 = Release|x86
		{77DD2CC2-9B0E-42F2-BD12-569643D908E9}.Ad-Hoc|iPhone.Deploy.0 = Release|x86
		{77DD2CC2-9B0E-42F2-BD12-569643D908E9}.Ad-Hoc|iPhoneSimulator.ActiveCfg = Release|x86
		{77DD2CC2-9B0E-42F2-BD12-569643D908E9}.Ad-Hoc|iPhoneSimulator.Build.0 = Release|x86
		{77DD2CC2-9B0E-42F2-BD12-569643D908E9}.Ad-Hoc|iPhoneSimulator.Deploy.0 = Release|x86
		{77DD2CC2-9B0E-42F2-BD12-569643D908E9}.Ad-Hoc|x64.ActiveCfg = Release|x64
		{77DD2CC2-9B0E-42F2-BD12-569643D908E9}.Ad-Hoc|x64.Build.0 = Release|x64
		{77DD2CC2-9B0E-42F2-BD12-569643D908E9}.Ad-Hoc|x64.Deploy.0 = Release|x64
		{77DD2CC2-9B0E-42F2-BD12-569643D908E9}.Ad-Hoc|x86.ActiveCfg = Release|x86
		{77DD2CC2-9B0E-42F2-BD12-569643D908E9}.Ad-Hoc|x86.Build.0 = Release|x86
		{77DD2CC2-9B0E-42F2-BD12-569643D908E9}.Ad-Hoc|x86.Deploy.0 = Release|x86
		{77DD2CC2-9B0E-42F2-BD12-569643D908E9}.AppStore|Any CPU.ActiveCfg = Release|x86
		{77DD2CC2-9B0E-42F2-BD12-569643D908E9}.AppStore|Any CPU.Build.0 = Release|x86
		{77DD2CC2-9B0E-42F2-BD12-569643D908E9}.AppStore|Any CPU.Deploy.0 = Release|x86
		{77DD2CC2-9B0E-42F2-BD12-569643D908E9}.AppStore|ARM.ActiveCfg = Release|ARM
		{77DD2CC2-9B0E-42F2-BD12-569643D908E9}.AppStore|ARM.Build.0 = Release|ARM
		{77DD2CC2-9B0E-42F2-BD12-569643D908E9}.AppStore|ARM.Deploy.0 = Release|ARM
		{77DD2CC2-9B0E-42F2-BD12-569643D908E9}.AppStore|iPhone.ActiveCfg = Release|x86
		{77DD2CC2-9B0E-42F2-BD12-569643D908E9}.AppStore|iPhone.Build.0 = Release|x86
		{77DD2CC2-9B0E-42F2-BD12-569643D908E9}.AppStore|iPhone.Deploy.0 = Release|x86
		{77DD2CC2-9B0E-42F2-BD12-569643D908E9}.AppStore|iPhoneSimulator.ActiveCfg = Release|x86
		{77DD2CC2-9B0E-42F2-BD12-569643D908E9}.AppStore|iPhoneSimulator.Build.0 = Release|x86
		{77DD2CC2-9B0E-42F2-BD12-569643D908E9}.AppStore|iPhoneSimulator.Deploy.0 = Release|x86
		{77DD2CC2-9B0E-42F2-BD12-569643D908E9}.AppStore|x64.ActiveCfg = Release|x64
		{77DD2CC2-9B0E-42F2-BD12-569643D908E9}.AppStore|x64.Build.0 = Release|x64
		{77DD2CC2-9B0E-42F2-BD12-569643D908E9}.AppStore|x64.Deploy.0 = Release|x64
		{77DD2CC2-9B0E-42F2-BD12-569643D908E9}.AppStore|x86.ActiveCfg = Release|x86
		{77DD2CC2-9B0E-42F2-BD12-569643D908E9}.AppStore|x86.Build.0 = Release|x86
		{77DD2CC2-9B0E-42F2-BD12-569643D908E9}.AppStore|x86.Deploy.0 = Release|x86
		{77DD2CC2-9B0E-42F2-BD12-569643D908E9}.Debug|Any CPU.ActiveCfg = Debug|x86
		{77DD2CC2-9B0E-42F2-BD12-569643D908E9}.Debug|Any CPU.Build.0 = Debug|x86
		{77DD2CC2-9B0E-42F2-BD12-569643D908E9}.Debug|Any CPU.Deploy.0 = Debug|x86
		{77DD2CC2-9B0E-42F2-BD12-569643D908E9}.Debug|ARM.ActiveCfg = Debug|ARM
		{77DD2CC2-9B0E-42F2-BD12-569643D908E9}.Debug|ARM.Build.0 = Debug|ARM
		{77DD2CC2-9B0E-42F2-BD12-569643D908E9}.Debug|ARM.Deploy.0 = Debug|ARM
		{77DD2CC2-9B0E-42F2-BD12-569643D908E9}.Debug|iPhone.ActiveCfg = Debug|x86
		{77DD2CC2-9B0E-42F2-BD12-569643D908E9}.Debug|iPhoneSimulator.ActiveCfg = Debug|x86
		{77DD2CC2-9B0E-42F2-BD12-569643D908E9}.Debug|x64.ActiveCfg = Debug|x64
		{77DD2CC2-9B0E-42F2-BD12-569643D908E9}.Debug|x64.Build.0 = Debug|x64
		{77DD2CC2-9B0E-42F2-BD12-569643D908E9}.Debug|x64.Deploy.0 = Debug|x64
		{77DD2CC2-9B0E-42F2-BD12-569643D908E9}.Debug|x86.ActiveCfg = Debug|x86
		{77DD2CC2-9B0E-42F2-BD12-569643D908E9}.Debug|x86.Build.0 = Debug|x86
		{77DD2CC2-9B0E-42F2-BD12-569643D908E9}.Debug|x86.Deploy.0 = Debug|x86
		{77DD2CC2-9B0E-42F2-BD12-569643D908E9}.Release|Any CPU.ActiveCfg = Release|x86
		{77DD2CC2-9B0E-42F2-BD12-569643D908E9}.Release|ARM.ActiveCfg = Release|ARM
		{77DD2CC2-9B0E-42F2-BD12-569643D908E9}.Release|ARM.Build.0 = Release|ARM
		{77DD2CC2-9B0E-42F2-BD12-569643D908E9}.Release|ARM.Deploy.0 = Release|ARM
		{77DD2CC2-9B0E-42F2-BD12-569643D908E9}.Release|iPhone.ActiveCfg = Release|x86
		{77DD2CC2-9B0E-42F2-BD12-569643D908E9}.Release|iPhoneSimulator.ActiveCfg = Release|x86
		{77DD2CC2-9B0E-42F2-BD12-569643D908E9}.Release|x64.ActiveCfg = Release|x64
		{77DD2CC2-9B0E-42F2-BD12-569643D908E9}.Release|x64.Build.0 = Release|x64
		{77DD2CC2-9B0E-42F2-BD12-569643D908E9}.Release|x64.Deploy.0 = Release|x64
		{77DD2CC2-9B0E-42F2-BD12-569643D908E9}.Release|x86.ActiveCfg = Release|x86
		{77DD2CC2-9B0E-42F2-BD12-569643D908E9}.Release|x86.Build.0 = Release|x86
		{77DD2CC2-9B0E-42F2-BD12-569643D908E9}.Release|x86.Deploy.0 = Release|x86
		{DDE723DC-8E7F-4781-AF49-CBAF735DB946}.Ad-Hoc|Any CPU.ActiveCfg = Release|Any CPU
		{DDE723DC-8E7F-4781-AF49-CBAF735DB946}.Ad-Hoc|Any CPU.Build.0 = Release|Any CPU
		{DDE723DC-8E7F-4781-AF49-CBAF735DB946}.Ad-Hoc|ARM.ActiveCfg = Release|Any CPU
		{DDE723DC-8E7F-4781-AF49-CBAF735DB946}.Ad-Hoc|ARM.Build.0 = Release|Any CPU
		{DDE723DC-8E7F-4781-AF49-CBAF735DB946}.Ad-Hoc|iPhone.ActiveCfg = Release|Any CPU
		{DDE723DC-8E7F-4781-AF49-CBAF735DB946}.Ad-Hoc|iPhone.Build.0 = Release|Any CPU
		{DDE723DC-8E7F-4781-AF49-CBAF735DB946}.Ad-Hoc|iPhoneSimulator.ActiveCfg = Release|Any CPU
		{DDE723DC-8E7F-4781-AF49-CBAF735DB946}.Ad-Hoc|iPhoneSimulator.Build.0 = Release|Any CPU
		{DDE723DC-8E7F-4781-AF49-CBAF735DB946}.Ad-Hoc|x64.ActiveCfg = Release|Any CPU
		{DDE723DC-8E7F-4781-AF49-CBAF735DB946}.Ad-Hoc|x64.Build.0 = Release|Any CPU
		{DDE723DC-8E7F-4781-AF49-CBAF735DB946}.Ad-Hoc|x86.ActiveCfg = Release|Any CPU
		{DDE723DC-8E7F-4781-AF49-CBAF735DB946}.Ad-Hoc|x86.Build.0 = Release|Any CPU
		{DDE723DC-8E7F-4781-AF49-CBAF735DB946}.AppStore|Any CPU.ActiveCfg = Release|Any CPU
		{DDE723DC-8E7F-4781-AF49-CBAF735DB946}.AppStore|Any CPU.Build.0 = Release|Any CPU
		{DDE723DC-8E7F-4781-AF49-CBAF735DB946}.AppStore|ARM.ActiveCfg = Release|Any CPU
		{DDE723DC-8E7F-4781-AF49-CBAF735DB946}.AppStore|ARM.Build.0 = Release|Any CPU
		{DDE723DC-8E7F-4781-AF49-CBAF735DB946}.AppStore|iPhone.ActiveCfg = Release|Any CPU
		{DDE723DC-8E7F-4781-AF49-CBAF735DB946}.AppStore|iPhone.Build.0 = Release|Any CPU
		{DDE723DC-8E7F-4781-AF49-CBAF735DB946}.AppStore|iPhoneSimulator.ActiveCfg = Release|Any CPU
		{DDE723DC-8E7F-4781-AF49-CBAF735DB946}.AppStore|iPhoneSimulator.Build.0 = Release|Any CPU
		{DDE723DC-8E7F-4781-AF49-CBAF735DB946}.AppStore|x64.ActiveCfg = Release|Any CPU
		{DDE723DC-8E7F-4781-AF49-CBAF735DB946}.AppStore|x64.Build.0 = Release|Any CPU
		{DDE723DC-8E7F-4781-AF49-CBAF735DB946}.AppStore|x86.ActiveCfg = Release|Any CPU
		{DDE723DC-8E7F-4781-AF49-CBAF735DB946}.AppStore|x86.Build.0 = Release|Any CPU
		{DDE723DC-8E7F-4781-AF49-CBAF735DB946}.Debug|Any CPU.ActiveCfg = Debug|Any CPU
		{DDE723DC-8E7F-4781-AF49-CBAF735DB946}.Debug|Any CPU.Build.0 = Debug|Any CPU
		{DDE723DC-8E7F-4781-AF49-CBAF735DB946}.Debug|ARM.ActiveCfg = Debug|Any CPU
		{DDE723DC-8E7F-4781-AF49-CBAF735DB946}.Debug|ARM.Build.0 = Debug|Any CPU
		{DDE723DC-8E7F-4781-AF49-CBAF735DB946}.Debug|iPhone.ActiveCfg = Debug|Any CPU
		{DDE723DC-8E7F-4781-AF49-CBAF735DB946}.Debug|iPhone.Build.0 = Debug|Any CPU
		{DDE723DC-8E7F-4781-AF49-CBAF735DB946}.Debug|iPhoneSimulator.ActiveCfg = Debug|Any CPU
		{DDE723DC-8E7F-4781-AF49-CBAF735DB946}.Debug|iPhoneSimulator.Build.0 = Debug|Any CPU
		{DDE723DC-8E7F-4781-AF49-CBAF735DB946}.Debug|x64.ActiveCfg = Debug|Any CPU
		{DDE723DC-8E7F-4781-AF49-CBAF735DB946}.Debug|x64.Build.0 = Debug|Any CPU
		{DDE723DC-8E7F-4781-AF49-CBAF735DB946}.Debug|x86.ActiveCfg = Debug|Any CPU
		{DDE723DC-8E7F-4781-AF49-CBAF735DB946}.Debug|x86.Build.0 = Debug|Any CPU
		{DDE723DC-8E7F-4781-AF49-CBAF735DB946}.Release|Any CPU.ActiveCfg = Release|Any CPU
		{DDE723DC-8E7F-4781-AF49-CBAF735DB946}.Release|Any CPU.Build.0 = Release|Any CPU
		{DDE723DC-8E7F-4781-AF49-CBAF735DB946}.Release|ARM.ActiveCfg = Release|Any CPU
		{DDE723DC-8E7F-4781-AF49-CBAF735DB946}.Release|ARM.Build.0 = Release|Any CPU
		{DDE723DC-8E7F-4781-AF49-CBAF735DB946}.Release|iPhone.ActiveCfg = Release|Any CPU
		{DDE723DC-8E7F-4781-AF49-CBAF735DB946}.Release|iPhone.Build.0 = Release|Any CPU
		{DDE723DC-8E7F-4781-AF49-CBAF735DB946}.Release|iPhoneSimulator.ActiveCfg = Release|Any CPU
		{DDE723DC-8E7F-4781-AF49-CBAF735DB946}.Release|iPhoneSimulator.Build.0 = Release|Any CPU
		{DDE723DC-8E7F-4781-AF49-CBAF735DB946}.Release|x64.ActiveCfg = Release|Any CPU
		{DDE723DC-8E7F-4781-AF49-CBAF735DB946}.Release|x64.Build.0 = Release|Any CPU
		{DDE723DC-8E7F-4781-AF49-CBAF735DB946}.Release|x86.ActiveCfg = Release|Any CPU
		{DDE723DC-8E7F-4781-AF49-CBAF735DB946}.Release|x86.Build.0 = Release|Any CPU
	EndGlobalSection
	GlobalSection(SolutionProperties) = preSolution
		HideSolutionNode = FALSE
	EndGlobalSection
EndGlobal
