
Microsoft Visual Studio Solution File, Format Version 12.00
# Visual Studio 14
VisualStudioVersion = 14.0.25420.1
MinimumVisualStudioVersion = 10.0.40219.1
Project("{FAE04EC0-301F-11D3-BF4B-00C04F79EFBC}") = "PropertyManager.Droid", "PropertyManager\PropertyManager.Droid\PropertyManager.Droid.csproj", "{4C8095E0-E838-4D8B-817E-43048EAE170F}"
EndProject
Project("{FAE04EC0-301F-11D3-BF4B-00C04F79EFBC}") = "PropertyManager", "PropertyManager\PropertyManager\PropertyManager.csproj", "{E3FA1BF7-8A72-44AC-964A-C46316886F4B}"
EndProject
Project("{FAE04EC0-301F-11D3-BF4B-00C04F79EFBC}") = "PropertyManager.UWP", "PropertyManager\PropertyManager.UWP\PropertyManager.UWP.csproj", "{6AA539FE-F482-42B2-A81B-6875F4CDC8B1}"
EndProject
Project("{FAE04EC0-301F-11D3-BF4B-00C04F79EFBC}") = "PropertyManager.iOS", "PropertyManager\PropertyManager.iOS\PropertyManager.iOS.csproj", "{5C135F0A-7CE2-4C55-AAD2-80840F1F402B}"
EndProject
Global
	GlobalSection(SolutionConfigurationPlatforms) = preSolution
		AppStore|Any CPU = AppStore|Any CPU
		AppStore|ARM = AppStore|ARM
		AppStore|iPhone = AppStore|iPhone
		AppStore|iPhoneSimulator = AppStore|iPhoneSimulator
		AppStore|x64 = AppStore|x64
		AppStore|x86 = AppStore|x86
		Debug|Any CPU = Debug|Any CPU
		Debug|ARM = Debug|ARM
		Debug|iPhone = Debug|iPhone
		Debug|iPhoneSimulator = Debug|iPhoneSimulator
		Debug|x64 = Debug|x64
		Debug|x86 = Debug|x86
		Release|Any CPU = Release|Any CPU
		Release|ARM = Release|ARM
		Release|iPhone = Release|iPhone
		Release|iPhoneSimulator = Release|iPhoneSimulator
		Release|x64 = Release|x64
		Release|x86 = Release|x86
	EndGlobalSection
	GlobalSection(ProjectConfigurationPlatforms) = postSolution
		{4C8095E0-E838-4D8B-817E-43048EAE170F}.AppStore|Any CPU.ActiveCfg = Release|Any CPU
		{4C8095E0-E838-4D8B-817E-43048EAE170F}.AppStore|Any CPU.Build.0 = Release|Any CPU
		{4C8095E0-E838-4D8B-817E-43048EAE170F}.AppStore|Any CPU.Deploy.0 = Release|Any CPU
		{4C8095E0-E838-4D8B-817E-43048EAE170F}.AppStore|ARM.ActiveCfg = Release|Any CPU
		{4C8095E0-E838-4D8B-817E-43048EAE170F}.AppStore|ARM.Build.0 = Release|Any CPU
		{4C8095E0-E838-4D8B-817E-43048EAE170F}.AppStore|ARM.Deploy.0 = Release|Any CPU
		{4C8095E0-E838-4D8B-817E-43048EAE170F}.AppStore|iPhone.ActiveCfg = Release|Any CPU
		{4C8095E0-E838-4D8B-817E-43048EAE170F}.AppStore|iPhone.Build.0 = Release|Any CPU
		{4C8095E0-E838-4D8B-817E-43048EAE170F}.AppStore|iPhone.Deploy.0 = Release|Any CPU
		{4C8095E0-E838-4D8B-817E-43048EAE170F}.AppStore|iPhoneSimulator.ActiveCfg = Release|Any CPU
		{4C8095E0-E838-4D8B-817E-43048EAE170F}.AppStore|iPhoneSimulator.Build.0 = Release|Any CPU
		{4C8095E0-E838-4D8B-817E-43048EAE170F}.AppStore|iPhoneSimulator.Deploy.0 = Release|Any CPU
		{4C8095E0-E838-4D8B-817E-43048EAE170F}.AppStore|x64.ActiveCfg = Release|Any CPU
		{4C8095E0-E838-4D8B-817E-43048EAE170F}.AppStore|x64.Build.0 = Release|Any CPU
		{4C8095E0-E838-4D8B-817E-43048EAE170F}.AppStore|x64.Deploy.0 = Release|Any CPU
		{4C8095E0-E838-4D8B-817E-43048EAE170F}.AppStore|x86.ActiveCfg = Release|Any CPU
		{4C8095E0-E838-4D8B-817E-43048EAE170F}.AppStore|x86.Build.0 = Release|Any CPU
		{4C8095E0-E838-4D8B-817E-43048EAE170F}.AppStore|x86.Deploy.0 = Release|Any CPU
		{4C8095E0-E838-4D8B-817E-43048EAE170F}.Debug|Any CPU.ActiveCfg = Debug|Any CPU
		{4C8095E0-E838-4D8B-817E-43048EAE170F}.Debug|Any CPU.Build.0 = Debug|Any CPU
		{4C8095E0-E838-4D8B-817E-43048EAE170F}.Debug|Any CPU.Deploy.0 = Debug|Any CPU
		{4C8095E0-E838-4D8B-817E-43048EAE170F}.Debug|ARM.ActiveCfg = Debug|Any CPU
		{4C8095E0-E838-4D8B-817E-43048EAE170F}.Debug|ARM.Build.0 = Debug|Any CPU
		{4C8095E0-E838-4D8B-817E-43048EAE170F}.Debug|ARM.Deploy.0 = Debug|Any CPU
		{4C8095E0-E838-4D8B-817E-43048EAE170F}.Debug|iPhone.ActiveCfg = Debug|Any CPU
		{4C8095E0-E838-4D8B-817E-43048EAE170F}.Debug|iPhone.Build.0 = Debug|Any CPU
		{4C8095E0-E838-4D8B-817E-43048EAE170F}.Debug|iPhone.Deploy.0 = Debug|Any CPU
		{4C8095E0-E838-4D8B-817E-43048EAE170F}.Debug|iPhoneSimulator.ActiveCfg = Debug|Any CPU
		{4C8095E0-E838-4D8B-817E-43048EAE170F}.Debug|x64.ActiveCfg = Debug|Any CPU
		{4C8095E0-E838-4D8B-817E-43048EAE170F}.Debug|x64.Build.0 = Debug|Any CPU
		{4C8095E0-E838-4D8B-817E-43048EAE170F}.Debug|x64.Deploy.0 = Debug|Any CPU
		{4C8095E0-E838-4D8B-817E-43048EAE170F}.Debug|x86.ActiveCfg = Debug|Any CPU
		{4C8095E0-E838-4D8B-817E-43048EAE170F}.Debug|x86.Build.0 = Debug|Any CPU
		{4C8095E0-E838-4D8B-817E-43048EAE170F}.Debug|x86.Deploy.0 = Debug|Any CPU
		{4C8095E0-E838-4D8B-817E-43048EAE170F}.Release|Any CPU.ActiveCfg = Release|Any CPU
		{4C8095E0-E838-4D8B-817E-43048EAE170F}.Release|Any CPU.Build.0 = Release|Any CPU
		{4C8095E0-E838-4D8B-817E-43048EAE170F}.Release|Any CPU.Deploy.0 = Release|Any CPU
		{4C8095E0-E838-4D8B-817E-43048EAE170F}.Release|ARM.ActiveCfg = Release|Any CPU
		{4C8095E0-E838-4D8B-817E-43048EAE170F}.Release|ARM.Build.0 = Release|Any CPU
		{4C8095E0-E838-4D8B-817E-43048EAE170F}.Release|ARM.Deploy.0 = Release|Any CPU
		{4C8095E0-E838-4D8B-817E-43048EAE170F}.Release|iPhone.ActiveCfg = Release|Any CPU
		{4C8095E0-E838-4D8B-817E-43048EAE170F}.Release|iPhone.Build.0 = Release|Any CPU
		{4C8095E0-E838-4D8B-817E-43048EAE170F}.Release|iPhone.Deploy.0 = Release|Any CPU
		{4C8095E0-E838-4D8B-817E-43048EAE170F}.Release|iPhoneSimulator.ActiveCfg = Release|Any CPU
		{4C8095E0-E838-4D8B-817E-43048EAE170F}.Release|iPhoneSimulator.Build.0 = Release|Any CPU
		{4C8095E0-E838-4D8B-817E-43048EAE170F}.Release|iPhoneSimulator.Deploy.0 = Release|Any CPU
		{4C8095E0-E838-4D8B-817E-43048EAE170F}.Release|x64.ActiveCfg = Release|Any CPU
		{4C8095E0-E838-4D8B-817E-43048EAE170F}.Release|x64.Build.0 = Release|Any CPU
		{4C8095E0-E838-4D8B-817E-43048EAE170F}.Release|x64.Deploy.0 = Release|Any CPU
		{4C8095E0-E838-4D8B-817E-43048EAE170F}.Release|x86.ActiveCfg = Release|Any CPU
		{4C8095E0-E838-4D8B-817E-43048EAE170F}.Release|x86.Build.0 = Release|Any CPU
		{4C8095E0-E838-4D8B-817E-43048EAE170F}.Release|x86.Deploy.0 = Release|Any CPU
		{E3FA1BF7-8A72-44AC-964A-C46316886F4B}.AppStore|Any CPU.ActiveCfg = Release|Any CPU
		{E3FA1BF7-8A72-44AC-964A-C46316886F4B}.AppStore|Any CPU.Build.0 = Release|Any CPU
		{E3FA1BF7-8A72-44AC-964A-C46316886F4B}.AppStore|ARM.ActiveCfg = Release|Any CPU
		{E3FA1BF7-8A72-44AC-964A-C46316886F4B}.AppStore|ARM.Build.0 = Release|Any CPU
		{E3FA1BF7-8A72-44AC-964A-C46316886F4B}.AppStore|iPhone.ActiveCfg = Release|Any CPU
		{E3FA1BF7-8A72-44AC-964A-C46316886F4B}.AppStore|iPhone.Build.0 = Release|Any CPU
		{E3FA1BF7-8A72-44AC-964A-C46316886F4B}.AppStore|iPhoneSimulator.ActiveCfg = Release|Any CPU
		{E3FA1BF7-8A72-44AC-964A-C46316886F4B}.AppStore|iPhoneSimulator.Build.0 = Release|Any CPU
		{E3FA1BF7-8A72-44AC-964A-C46316886F4B}.AppStore|x64.ActiveCfg = Release|Any CPU
		{E3FA1BF7-8A72-44AC-964A-C46316886F4B}.AppStore|x64.Build.0 = Release|Any CPU
		{E3FA1BF7-8A72-44AC-964A-C46316886F4B}.AppStore|x86.ActiveCfg = Release|Any CPU
		{E3FA1BF7-8A72-44AC-964A-C46316886F4B}.AppStore|x86.Build.0 = Release|Any CPU
		{E3FA1BF7-8A72-44AC-964A-C46316886F4B}.Debug|Any CPU.ActiveCfg = Debug|Any CPU
		{E3FA1BF7-8A72-44AC-964A-C46316886F4B}.Debug|Any CPU.Build.0 = Debug|Any CPU
		{E3FA1BF7-8A72-44AC-964A-C46316886F4B}.Debug|ARM.ActiveCfg = Debug|Any CPU
		{E3FA1BF7-8A72-44AC-964A-C46316886F4B}.Debug|ARM.Build.0 = Debug|Any CPU
		{E3FA1BF7-8A72-44AC-964A-C46316886F4B}.Debug|iPhone.ActiveCfg = Debug|Any CPU
		{E3FA1BF7-8A72-44AC-964A-C46316886F4B}.Debug|iPhone.Build.0 = Debug|Any CPU
		{E3FA1BF7-8A72-44AC-964A-C46316886F4B}.Debug|iPhoneSimulator.ActiveCfg = Debug|Any CPU
		{E3FA1BF7-8A72-44AC-964A-C46316886F4B}.Debug|iPhoneSimulator.Build.0 = Debug|Any CPU
		{E3FA1BF7-8A72-44AC-964A-C46316886F4B}.Debug|x64.ActiveCfg = Debug|Any CPU
		{E3FA1BF7-8A72-44AC-964A-C46316886F4B}.Debug|x64.Build.0 = Debug|Any CPU
		{E3FA1BF7-8A72-44AC-964A-C46316886F4B}.Debug|x86.ActiveCfg = Debug|Any CPU
		{E3FA1BF7-8A72-44AC-964A-C46316886F4B}.Debug|x86.Build.0 = Debug|Any CPU
		{E3FA1BF7-8A72-44AC-964A-C46316886F4B}.Release|Any CPU.ActiveCfg = Release|Any CPU
		{E3FA1BF7-8A72-44AC-964A-C46316886F4B}.Release|Any CPU.Build.0 = Release|Any CPU
		{E3FA1BF7-8A72-44AC-964A-C46316886F4B}.Release|ARM.ActiveCfg = Release|Any CPU
		{E3FA1BF7-8A72-44AC-964A-C46316886F4B}.Release|ARM.Build.0 = Release|Any CPU
		{E3FA1BF7-8A72-44AC-964A-C46316886F4B}.Release|iPhone.ActiveCfg = Release|Any CPU
		{E3FA1BF7-8A72-44AC-964A-C46316886F4B}.Release|iPhone.Build.0 = Release|Any CPU
		{E3FA1BF7-8A72-44AC-964A-C46316886F4B}.Release|iPhoneSimulator.ActiveCfg = Release|Any CPU
		{E3FA1BF7-8A72-44AC-964A-C46316886F4B}.Release|iPhoneSimulator.Build.0 = Release|Any CPU
		{E3FA1BF7-8A72-44AC-964A-C46316886F4B}.Release|x64.ActiveCfg = Release|Any CPU
		{E3FA1BF7-8A72-44AC-964A-C46316886F4B}.Release|x64.Build.0 = Release|Any CPU
		{E3FA1BF7-8A72-44AC-964A-C46316886F4B}.Release|x86.ActiveCfg = Release|Any CPU
		{E3FA1BF7-8A72-44AC-964A-C46316886F4B}.Release|x86.Build.0 = Release|Any CPU
		{6AA539FE-F482-42B2-A81B-6875F4CDC8B1}.AppStore|Any CPU.ActiveCfg = Release|x64
		{6AA539FE-F482-42B2-A81B-6875F4CDC8B1}.AppStore|Any CPU.Build.0 = Release|x64
		{6AA539FE-F482-42B2-A81B-6875F4CDC8B1}.AppStore|Any CPU.Deploy.0 = Release|x64
		{6AA539FE-F482-42B2-A81B-6875F4CDC8B1}.AppStore|ARM.ActiveCfg = Release|ARM
		{6AA539FE-F482-42B2-A81B-6875F4CDC8B1}.AppStore|ARM.Build.0 = Release|ARM
		{6AA539FE-F482-42B2-A81B-6875F4CDC8B1}.AppStore|ARM.Deploy.0 = Release|ARM
		{6AA539FE-F482-42B2-A81B-6875F4CDC8B1}.AppStore|iPhone.ActiveCfg = Release|x64
		{6AA539FE-F482-42B2-A81B-6875F4CDC8B1}.AppStore|iPhone.Build.0 = Release|x64
		{6AA539FE-F482-42B2-A81B-6875F4CDC8B1}.AppStore|iPhone.Deploy.0 = Release|x64
		{6AA539FE-F482-42B2-A81B-6875F4CDC8B1}.AppStore|iPhoneSimulator.ActiveCfg = Release|x64
		{6AA539FE-F482-42B2-A81B-6875F4CDC8B1}.AppStore|iPhoneSimulator.Build.0 = Release|x64
		{6AA539FE-F482-42B2-A81B-6875F4CDC8B1}.AppStore|iPhoneSimulator.Deploy.0 = Release|x64
		{6AA539FE-F482-42B2-A81B-6875F4CDC8B1}.AppStore|x64.ActiveCfg = Release|x64
		{6AA539FE-F482-42B2-A81B-6875F4CDC8B1}.AppStore|x64.Build.0 = Release|x64
		{6AA539FE-F482-42B2-A81B-6875F4CDC8B1}.AppStore|x64.Deploy.0 = Release|x64
		{6AA539FE-F482-42B2-A81B-6875F4CDC8B1}.AppStore|x86.ActiveCfg = Release|x86
		{6AA539FE-F482-42B2-A81B-6875F4CDC8B1}.AppStore|x86.Build.0 = Release|x86
		{6AA539FE-F482-42B2-A81B-6875F4CDC8B1}.AppStore|x86.Deploy.0 = Release|x86
		{6AA539FE-F482-42B2-A81B-6875F4CDC8B1}.Debug|Any CPU.ActiveCfg = Debug|x86
		{6AA539FE-F482-42B2-A81B-6875F4CDC8B1}.Debug|Any CPU.Build.0 = Debug|x86
		{6AA539FE-F482-42B2-A81B-6875F4CDC8B1}.Debug|Any CPU.Deploy.0 = Debug|x86
		{6AA539FE-F482-42B2-A81B-6875F4CDC8B1}.Debug|ARM.ActiveCfg = Debug|ARM
		{6AA539FE-F482-42B2-A81B-6875F4CDC8B1}.Debug|ARM.Build.0 = Debug|ARM
		{6AA539FE-F482-42B2-A81B-6875F4CDC8B1}.Debug|ARM.Deploy.0 = Debug|ARM
		{6AA539FE-F482-42B2-A81B-6875F4CDC8B1}.Debug|iPhone.ActiveCfg = Debug|x86
		{6AA539FE-F482-42B2-A81B-6875F4CDC8B1}.Debug|iPhoneSimulator.ActiveCfg = Debug|x86
		{6AA539FE-F482-42B2-A81B-6875F4CDC8B1}.Debug|x64.ActiveCfg = Debug|x64
		{6AA539FE-F482-42B2-A81B-6875F4CDC8B1}.Debug|x64.Build.0 = Debug|x64
		{6AA539FE-F482-42B2-A81B-6875F4CDC8B1}.Debug|x64.Deploy.0 = Debug|x64
		{6AA539FE-F482-42B2-A81B-6875F4CDC8B1}.Debug|x86.ActiveCfg = Debug|x86
		{6AA539FE-F482-42B2-A81B-6875F4CDC8B1}.Debug|x86.Build.0 = Debug|x86
		{6AA539FE-F482-42B2-A81B-6875F4CDC8B1}.Debug|x86.Deploy.0 = Debug|x86
		{6AA539FE-F482-42B2-A81B-6875F4CDC8B1}.Release|Any CPU.ActiveCfg = Release|x86
		{6AA539FE-F482-42B2-A81B-6875F4CDC8B1}.Release|Any CPU.Build.0 = Release|x86
		{6AA539FE-F482-42B2-A81B-6875F4CDC8B1}.Release|Any CPU.Deploy.0 = Release|x86
		{6AA539FE-F482-42B2-A81B-6875F4CDC8B1}.Release|ARM.ActiveCfg = Release|ARM
		{6AA539FE-F482-42B2-A81B-6875F4CDC8B1}.Release|ARM.Build.0 = Release|ARM
		{6AA539FE-F482-42B2-A81B-6875F4CDC8B1}.Release|ARM.Deploy.0 = Release|ARM
		{6AA539FE-F482-42B2-A81B-6875F4CDC8B1}.Release|iPhone.ActiveCfg = Release|x86
		{6AA539FE-F482-42B2-A81B-6875F4CDC8B1}.Release|iPhoneSimulator.ActiveCfg = Release|x86
		{6AA539FE-F482-42B2-A81B-6875F4CDC8B1}.Release|x64.ActiveCfg = Release|x64
		{6AA539FE-F482-42B2-A81B-6875F4CDC8B1}.Release|x64.Build.0 = Release|x64
		{6AA539FE-F482-42B2-A81B-6875F4CDC8B1}.Release|x64.Deploy.0 = Release|x64
		{6AA539FE-F482-42B2-A81B-6875F4CDC8B1}.Release|x86.ActiveCfg = Release|x86
		{6AA539FE-F482-42B2-A81B-6875F4CDC8B1}.Release|x86.Build.0 = Release|x86
		{6AA539FE-F482-42B2-A81B-6875F4CDC8B1}.Release|x86.Deploy.0 = Release|x86
		{5C135F0A-7CE2-4C55-AAD2-80840F1F402B}.AppStore|Any CPU.ActiveCfg = Debug|iPhoneSimulator
		{5C135F0A-7CE2-4C55-AAD2-80840F1F402B}.AppStore|Any CPU.Build.0 = Debug|iPhoneSimulator
		{5C135F0A-7CE2-4C55-AAD2-80840F1F402B}.AppStore|ARM.ActiveCfg = Debug|iPhoneSimulator
		{5C135F0A-7CE2-4C55-AAD2-80840F1F402B}.AppStore|ARM.Build.0 = Debug|iPhoneSimulator
		{5C135F0A-7CE2-4C55-AAD2-80840F1F402B}.AppStore|iPhone.ActiveCfg = Release|iPhone
		{5C135F0A-7CE2-4C55-AAD2-80840F1F402B}.AppStore|iPhone.Build.0 = Release|iPhone
		{5C135F0A-7CE2-4C55-AAD2-80840F1F402B}.AppStore|iPhoneSimulator.ActiveCfg = Debug|iPhoneSimulator
		{5C135F0A-7CE2-4C55-AAD2-80840F1F402B}.AppStore|iPhoneSimulator.Build.0 = Debug|iPhoneSimulator
		{5C135F0A-7CE2-4C55-AAD2-80840F1F402B}.AppStore|x64.ActiveCfg = Debug|iPhoneSimulator
		{5C135F0A-7CE2-4C55-AAD2-80840F1F402B}.AppStore|x64.Build.0 = Debug|iPhoneSimulator
		{5C135F0A-7CE2-4C55-AAD2-80840F1F402B}.AppStore|x86.ActiveCfg = Debug|iPhoneSimulator
		{5C135F0A-7CE2-4C55-AAD2-80840F1F402B}.AppStore|x86.Build.0 = Debug|iPhoneSimulator
		{5C135F0A-7CE2-4C55-AAD2-80840F1F402B}.Debug|Any CPU.ActiveCfg = Debug|iPhoneSimulator
		{5C135F0A-7CE2-4C55-AAD2-80840F1F402B}.Debug|Any CPU.Build.0 = Debug|iPhoneSimulator
		{5C135F0A-7CE2-4C55-AAD2-80840F1F402B}.Debug|ARM.ActiveCfg = Debug|iPhoneSimulator
		{5C135F0A-7CE2-4C55-AAD2-80840F1F402B}.Debug|ARM.Build.0 = Debug|iPhoneSimulator
		{5C135F0A-7CE2-4C55-AAD2-80840F1F402B}.Debug|iPhone.ActiveCfg = Debug|iPhone
		{5C135F0A-7CE2-4C55-AAD2-80840F1F402B}.Debug|iPhone.Build.0 = Debug|iPhone
		{5C135F0A-7CE2-4C55-AAD2-80840F1F402B}.Debug|iPhoneSimulator.ActiveCfg = Debug|iPhoneSimulator
		{5C135F0A-7CE2-4C55-AAD2-80840F1F402B}.Debug|iPhoneSimulator.Build.0 = Debug|iPhoneSimulator
		{5C135F0A-7CE2-4C55-AAD2-80840F1F402B}.Debug|x64.ActiveCfg = Debug|iPhoneSimulator
		{5C135F0A-7CE2-4C55-AAD2-80840F1F402B}.Debug|x64.Build.0 = Debug|iPhoneSimulator
		{5C135F0A-7CE2-4C55-AAD2-80840F1F402B}.Debug|x86.ActiveCfg = Debug|iPhoneSimulator
		{5C135F0A-7CE2-4C55-AAD2-80840F1F402B}.Debug|x86.Build.0 = Debug|iPhoneSimulator
		{5C135F0A-7CE2-4C55-AAD2-80840F1F402B}.Release|Any CPU.ActiveCfg = Release|iPhone
		{5C135F0A-7CE2-4C55-AAD2-80840F1F402B}.Release|Any CPU.Build.0 = Release|iPhone
		{5C135F0A-7CE2-4C55-AAD2-80840F1F402B}.Release|ARM.ActiveCfg = Release|iPhone
		{5C135F0A-7CE2-4C55-AAD2-80840F1F402B}.Release|ARM.Build.0 = Release|iPhone
		{5C135F0A-7CE2-4C55-AAD2-80840F1F402B}.Release|iPhone.ActiveCfg = Release|iPhone
		{5C135F0A-7CE2-4C55-AAD2-80840F1F402B}.Release|iPhone.Build.0 = Release|iPhone
		{5C135F0A-7CE2-4C55-AAD2-80840F1F402B}.Release|iPhoneSimulator.ActiveCfg = Release|iPhoneSimulator
		{5C135F0A-7CE2-4C55-AAD2-80840F1F402B}.Release|iPhoneSimulator.Build.0 = Release|iPhoneSimulator
		{5C135F0A-7CE2-4C55-AAD2-80840F1F402B}.Release|x64.ActiveCfg = Release|iPhone
		{5C135F0A-7CE2-4C55-AAD2-80840F1F402B}.Release|x64.Build.0 = Release|iPhone
		{5C135F0A-7CE2-4C55-AAD2-80840F1F402B}.Release|x86.ActiveCfg = Release|iPhone
		{5C135F0A-7CE2-4C55-AAD2-80840F1F402B}.Release|x86.Build.0 = Release|iPhone
	EndGlobalSection
	GlobalSection(SolutionProperties) = preSolution
		HideSolutionNode = FALSE
	EndGlobalSection
EndGlobal
